
Microsoft Visual Studio Solution File, Format Version 12.00
# Visual Studio Version 17
VisualStudioVersion = 17.2.32616.157
MinimumVisualStudioVersion = 10.0.40219.1
Project("{FAE04EC0-301F-11D3-BF4B-00C04F79EFBC}") = "SlotMachine2", "SlotMachine2\SlotMachine2.csproj", "{DB885BBE-DB7D-4E41-83BB-945F87777B84}"
EndProject
Global
	GlobalSection(SolutionConfigurationPlatforms) = preSolution
		Debug|Any CPU = Debug|Any CPU
		Release|Any CPU = Release|Any CPU
	EndGlobalSection
	GlobalSection(ProjectConfigurationPlatforms) = postSolution
		{DB885BBE-DB7D-4E41-83BB-945F87777B84}.Debug|Any CPU.ActiveCfg = Debug|Any CPU
		{DB885BBE-DB7D-4E41-83BB-945F87777B84}.Debug|Any CPU.Build.0 = Debug|Any CPU
		{DB885BBE-DB7D-4E41-83BB-945F87777B84}.Release|Any CPU.ActiveCfg = Release|Any CPU
		{DB885BBE-DB7D-4E41-83BB-945F87777B84}.Release|Any CPU.Build.0 = Release|Any CPU
	EndGlobalSection
	GlobalSection(SolutionProperties) = preSolution
		HideSolutionNode = FALSE
	EndGlobalSection
	GlobalSection(ExtensibilityGlobals) = postSolution
		SolutionGuid = {0A1865F8-86E2-4F07-B78B-99FAA5224A7B}
	EndGlobalSection
EndGlobal
